// !$*UTF8*$!
{
	archiveVersion = 1;
	classes = {
	};
	objectVersion = 46;
	objects = {

/* Begin PBXBuildFile section */
		7D180B4065108659E655D59B /* Pods_NailedIt_Tests.framework in Frameworks */ = {isa = PBXBuildFile; fileRef = 483F364F09F24DDDE6CCE25D /* Pods_NailedIt_Tests.framework */; };
		E70EF6921F62BFA10041F380 /* .gitignore in Resources */ = {isa = PBXBuildFile; fileRef = E70EF6911F62BFA10041F380 /* .gitignore */; };
		E70EF6951F62C0070041F380 /* TestSecret.swift in Sources */ = {isa = PBXBuildFile; fileRef = E70EF6941F62C0070041F380 /* TestSecret.swift */; };
		E7DE08981F62A96A004BAC91 /* AppDelegate.swift in Sources */ = {isa = PBXBuildFile; fileRef = E7DE08971F62A96A004BAC91 /* AppDelegate.swift */; };
		E7DE089F1F62A96A004BAC91 /* Assets.xcassets in Resources */ = {isa = PBXBuildFile; fileRef = E7DE089E1F62A96A004BAC91 /* Assets.xcassets */; };
		E7DE08AD1F62A96A004BAC91 /* NailedIt_Tests.swift in Sources */ = {isa = PBXBuildFile; fileRef = E7DE08AC1F62A96A004BAC91 /* NailedIt_Tests.swift */; };
		E7DE08C21F62AAF6004BAC91 /* LaunchScreen.storyboard in Resources */ = {isa = PBXBuildFile; fileRef = E7DE08C01F62AAF6004BAC91 /* LaunchScreen.storyboard */; };
		E7DE08C31F62AAF6004BAC91 /* Main.storyboard in Resources */ = {isa = PBXBuildFile; fileRef = E7DE08C11F62AAF6004BAC91 /* Main.storyboard */; };
		E7DE08C71F62ACB0004BAC91 /* LoginViewController.swift in Sources */ = {isa = PBXBuildFile; fileRef = E7DE08C61F62ACB0004BAC91 /* LoginViewController.swift */; };
		F7C728D0F41A93C2B96C6D34 /* Pods_NailedIt_.framework in Frameworks */ = {isa = PBXBuildFile; fileRef = 0030D8862DAF4A0E626402CF /* Pods_NailedIt_.framework */; };
/* End PBXBuildFile section */

/* Begin PBXContainerItemProxy section */
		E7DE08A91F62A96A004BAC91 /* PBXContainerItemProxy */ = {
			isa = PBXContainerItemProxy;
			containerPortal = E7DE088C1F62A96A004BAC91 /* Project object */;
			proxyType = 1;
			remoteGlobalIDString = E7DE08931F62A96A004BAC91;
			remoteInfo = "NailedIt!";
		};
/* End PBXContainerItemProxy section */

/* Begin PBXFileReference section */
		0030D8862DAF4A0E626402CF /* Pods_NailedIt_.framework */ = {isa = PBXFileReference; explicitFileType = wrapper.framework; includeInIndex = 0; path = Pods_NailedIt_.framework; sourceTree = BUILT_PRODUCTS_DIR; };
		159B16CB778DF93D823F029A /* Pods-NailedIt!.release.xcconfig */ = {isa = PBXFileReference; includeInIndex = 1; lastKnownFileType = text.xcconfig; name = "Pods-NailedIt!.release.xcconfig"; path = "Pods/Target Support Files/Pods-NailedIt!/Pods-NailedIt!.release.xcconfig"; sourceTree = "<group>"; };
		483F364F09F24DDDE6CCE25D /* Pods_NailedIt_Tests.framework */ = {isa = PBXFileReference; explicitFileType = wrapper.framework; includeInIndex = 0; path = Pods_NailedIt_Tests.framework; sourceTree = BUILT_PRODUCTS_DIR; };
		97D7FB637D53F34AE73AE8C1 /* Pods-NailedIt!Tests.release.xcconfig */ = {isa = PBXFileReference; includeInIndex = 1; lastKnownFileType = text.xcconfig; name = "Pods-NailedIt!Tests.release.xcconfig"; path = "Pods/Target Support Files/Pods-NailedIt!Tests/Pods-NailedIt!Tests.release.xcconfig"; sourceTree = "<group>"; };
		CD85916BCE4B78029E277562 /* Pods-NailedIt!.debug.xcconfig */ = {isa = PBXFileReference; includeInIndex = 1; lastKnownFileType = text.xcconfig; name = "Pods-NailedIt!.debug.xcconfig"; path = "Pods/Target Support Files/Pods-NailedIt!/Pods-NailedIt!.debug.xcconfig"; sourceTree = "<group>"; };
		D67C06108968CFF188A2C1D1 /* Pods-NailedIt!Tests.debug.xcconfig */ = {isa = PBXFileReference; includeInIndex = 1; lastKnownFileType = text.xcconfig; name = "Pods-NailedIt!Tests.debug.xcconfig"; path = "Pods/Target Support Files/Pods-NailedIt!Tests/Pods-NailedIt!Tests.debug.xcconfig"; sourceTree = "<group>"; };
		E70EF6911F62BFA10041F380 /* .gitignore */ = {isa = PBXFileReference; fileEncoding = 4; lastKnownFileType = text; path = .gitignore; sourceTree = SOURCE_ROOT; };
		E70EF6941F62C0070041F380 /* TestSecret.swift */ = {isa = PBXFileReference; fileEncoding = 4; lastKnownFileType = sourcecode.swift; path = TestSecret.swift; sourceTree = "<group>"; };
		E7DE08941F62A96A004BAC91 /* NailedIt!.app */ = {isa = PBXFileReference; explicitFileType = wrapper.application; includeInIndex = 0; path = "NailedIt!.app"; sourceTree = BUILT_PRODUCTS_DIR; };
		E7DE08971F62A96A004BAC91 /* AppDelegate.swift */ = {isa = PBXFileReference; lastKnownFileType = sourcecode.swift; path = AppDelegate.swift; sourceTree = "<group>"; };
		E7DE089E1F62A96A004BAC91 /* Assets.xcassets */ = {isa = PBXFileReference; lastKnownFileType = folder.assetcatalog; path = Assets.xcassets; sourceTree = "<group>"; };
		E7DE08A31F62A96A004BAC91 /* Info.plist */ = {isa = PBXFileReference; lastKnownFileType = text.plist.xml; path = Info.plist; sourceTree = "<group>"; };
		E7DE08A81F62A96A004BAC91 /* NailedIt!Tests.xctest */ = {isa = PBXFileReference; explicitFileType = wrapper.cfbundle; includeInIndex = 0; path = "NailedIt!Tests.xctest"; sourceTree = BUILT_PRODUCTS_DIR; };
		E7DE08AC1F62A96A004BAC91 /* NailedIt_Tests.swift */ = {isa = PBXFileReference; lastKnownFileType = sourcecode.swift; path = NailedIt_Tests.swift; sourceTree = "<group>"; };
		E7DE08AE1F62A96A004BAC91 /* Info.plist */ = {isa = PBXFileReference; lastKnownFileType = text.plist.xml; path = Info.plist; sourceTree = "<group>"; };
		E7DE08C01F62AAF6004BAC91 /* LaunchScreen.storyboard */ = {isa = PBXFileReference; fileEncoding = 4; lastKnownFileType = file.storyboard; path = LaunchScreen.storyboard; sourceTree = "<group>"; };
		E7DE08C11F62AAF6004BAC91 /* Main.storyboard */ = {isa = PBXFileReference; fileEncoding = 4; lastKnownFileType = file.storyboard; path = Main.storyboard; sourceTree = "<group>"; };
		E7DE08C61F62ACB0004BAC91 /* LoginViewController.swift */ = {isa = PBXFileReference; fileEncoding = 4; lastKnownFileType = sourcecode.swift; path = LoginViewController.swift; sourceTree = "<group>"; };
/* End PBXFileReference section */

/* Begin PBXFrameworksBuildPhase section */
		E7DE08911F62A96A004BAC91 /* Frameworks */ = {
			isa = PBXFrameworksBuildPhase;
			buildActionMask = 2147483647;
			files = (
				F7C728D0F41A93C2B96C6D34 /* Pods_NailedIt_.framework in Frameworks */,
			);
			runOnlyForDeploymentPostprocessing = 0;
		};
		E7DE08A51F62A96A004BAC91 /* Frameworks */ = {
			isa = PBXFrameworksBuildPhase;
			buildActionMask = 2147483647;
			files = (
				7D180B4065108659E655D59B /* Pods_NailedIt_Tests.framework in Frameworks */,
			);
			runOnlyForDeploymentPostprocessing = 0;
		};
/* End PBXFrameworksBuildPhase section */

/* Begin PBXGroup section */
		9E9067373DD37405B8F5B61E /* Pods */ = {
			isa = PBXGroup;
			children = (
				CD85916BCE4B78029E277562 /* Pods-NailedIt!.debug.xcconfig */,
				159B16CB778DF93D823F029A /* Pods-NailedIt!.release.xcconfig */,
				D67C06108968CFF188A2C1D1 /* Pods-NailedIt!Tests.debug.xcconfig */,
				97D7FB637D53F34AE73AE8C1 /* Pods-NailedIt!Tests.release.xcconfig */,
			);
			name = Pods;
			sourceTree = "<group>";
		};
		C827CBC3D8983E66277C5A73 /* Frameworks */ = {
			isa = PBXGroup;
			children = (
				0030D8862DAF4A0E626402CF /* Pods_NailedIt_.framework */,
				483F364F09F24DDDE6CCE25D /* Pods_NailedIt_Tests.framework */,
			);
			name = Frameworks;
			sourceTree = "<group>";
		};
		E70EF6931F62BFEB0041F380 /* Secrets */ = {
			isa = PBXGroup;
			children = (
				E70EF6941F62C0070041F380 /* TestSecret.swift */,
			);
			path = Secrets;
			sourceTree = "<group>";
		};
		E7DE088B1F62A96A004BAC91 = {
			isa = PBXGroup;
			children = (
				E7DE08961F62A96A004BAC91 /* NailedIt! */,
				E7DE08AB1F62A96A004BAC91 /* NailedIt!Tests */,
				E7DE08951F62A96A004BAC91 /* Products */,
				9E9067373DD37405B8F5B61E /* Pods */,
				C827CBC3D8983E66277C5A73 /* Frameworks */,
			);
			sourceTree = "<group>";
		};
		E7DE08951F62A96A004BAC91 /* Products */ = {
			isa = PBXGroup;
			children = (
				E7DE08941F62A96A004BAC91 /* NailedIt!.app */,
				E7DE08A81F62A96A004BAC91 /* NailedIt!Tests.xctest */,
			);
			name = Products;
			sourceTree = "<group>";
		};
		E7DE08961F62A96A004BAC91 /* NailedIt! */ = {
			isa = PBXGroup;
			children = (
				E70EF6911F62BFA10041F380 /* .gitignore */,
				E7DE08971F62A96A004BAC91 /* AppDelegate.swift */,
				E7DE089E1F62A96A004BAC91 /* Assets.xcassets */,
				E7DE08C41F62AB77004BAC91 /* Networking */,
				E7DE08BA1F62AA61004BAC91 /* Controllers */,
				E7DE08BC1F62AA61004BAC91 /* Graphics */,
				E7DE08B71F62AA52004BAC91 /* Models */,
				E7DE08B81F62AA52004BAC91 /* Supporting-Files */,
				E7DE08B91F62AA52004BAC91 /* Views */,
				E7DE08A31F62A96A004BAC91 /* Info.plist */,
			);
			path = "NailedIt!";
			sourceTree = "<group>";
		};
		E7DE08AB1F62A96A004BAC91 /* NailedIt!Tests */ = {
			isa = PBXGroup;
			children = (
				E7DE08AC1F62A96A004BAC91 /* NailedIt_Tests.swift */,
				E7DE08AE1F62A96A004BAC91 /* Info.plist */,
			);
			path = "NailedIt!Tests";
			sourceTree = "<group>";
		};
		E7DE08B71F62AA52004BAC91 /* Models */ = {
			isa = PBXGroup;
			children = (
			);
			path = Models;
			sourceTree = "<group>";
		};
		E7DE08B81F62AA52004BAC91 /* Supporting-Files */ = {
			isa = PBXGroup;
			children = (
			);
			path = "Supporting-Files";
			sourceTree = "<group>";
		};
		E7DE08B91F62AA52004BAC91 /* Views */ = {
			isa = PBXGroup;
			children = (
				E7DE08BE1F62AACC004BAC91 /* Cells */,
				E7DE08BF1F62AACC004BAC91 /* Storyboards */,
			);
			path = Views;
			sourceTree = "<group>";
		};
		E7DE08BA1F62AA61004BAC91 /* Controllers */ = {
			isa = PBXGroup;
			children = (
				E7DE08C61F62ACB0004BAC91 /* LoginViewController.swift */,
			);
			path = Controllers;
			sourceTree = "<group>";
		};
		E7DE08BC1F62AA61004BAC91 /* Graphics */ = {
			isa = PBXGroup;
			children = (
			);
			path = Graphics;
			sourceTree = "<group>";
		};
		E7DE08BE1F62AACC004BAC91 /* Cells */ = {
			isa = PBXGroup;
			children = (
			);
			path = Cells;
			sourceTree = "<group>";
		};
		E7DE08BF1F62AACC004BAC91 /* Storyboards */ = {
			isa = PBXGroup;
			children = (
				E7DE08C01F62AAF6004BAC91 /* LaunchScreen.storyboard */,
				E7DE08C11F62AAF6004BAC91 /* Main.storyboard */,
			);
			path = Storyboards;
			sourceTree = "<group>";
		};
		E7DE08C41F62AB77004BAC91 /* Networking */ = {
			isa = PBXGroup;
			children = (
				E70EF6931F62BFEB0041F380 /* Secrets */,
				E7DE08C51F62AB77004BAC91 /* Security */,
			);
			path = Networking;
			sourceTree = "<group>";
		};
		E7DE08C51F62AB77004BAC91 /* Security */ = {
			isa = PBXGroup;
			children = (
			);
			path = Security;
			sourceTree = "<group>";
		};
/* End PBXGroup section */

/* Begin PBXNativeTarget section */
		E7DE08931F62A96A004BAC91 /* NailedIt! */ = {
			isa = PBXNativeTarget;
			buildConfigurationList = E7DE08B11F62A96A004BAC91 /* Build configuration list for PBXNativeTarget "NailedIt!" */;
			buildPhases = (
				7B6299B1D18A9340F0C33E28 /* [CP] Check Pods Manifest.lock */,
				E7DE08901F62A96A004BAC91 /* Sources */,
				E7DE08911F62A96A004BAC91 /* Frameworks */,
				E7DE08921F62A96A004BAC91 /* Resources */,
				F7ED9B4B4AD2B40AD876F638 /* [CP] Embed Pods Frameworks */,
				F3388E62ABC01C49F9CD9655 /* [CP] Copy Pods Resources */,
			);
			buildRules = (
			);
			dependencies = (
			);
			name = "NailedIt!";
			productName = "NailedIt!";
			productReference = E7DE08941F62A96A004BAC91 /* NailedIt!.app */;
			productType = "com.apple.product-type.application";
		};
		E7DE08A71F62A96A004BAC91 /* NailedIt!Tests */ = {
			isa = PBXNativeTarget;
			buildConfigurationList = E7DE08B41F62A96A004BAC91 /* Build configuration list for PBXNativeTarget "NailedIt!Tests" */;
			buildPhases = (
				8559AEF123D2CCA3C090A02F /* [CP] Check Pods Manifest.lock */,
				E7DE08A41F62A96A004BAC91 /* Sources */,
				E7DE08A51F62A96A004BAC91 /* Frameworks */,
				E7DE08A61F62A96A004BAC91 /* Resources */,
				D89613020722B5DD8B89A138 /* [CP] Embed Pods Frameworks */,
				878FAD93C6BAE603E9CF7965 /* [CP] Copy Pods Resources */,
			);
			buildRules = (
			);
			dependencies = (
				E7DE08AA1F62A96A004BAC91 /* PBXTargetDependency */,
			);
			name = "NailedIt!Tests";
			productName = "NailedIt!Tests";
			productReference = E7DE08A81F62A96A004BAC91 /* NailedIt!Tests.xctest */;
			productType = "com.apple.product-type.bundle.unit-test";
		};
/* End PBXNativeTarget section */

/* Begin PBXProject section */
		E7DE088C1F62A96A004BAC91 /* Project object */ = {
			isa = PBXProject;
			attributes = {
				LastSwiftUpdateCheck = 0830;
				LastUpgradeCheck = 0830;
				ORGANIZATIONNAME = "Alan Li";
				TargetAttributes = {
					E7DE08931F62A96A004BAC91 = {
						CreatedOnToolsVersion = 8.3.3;
						DevelopmentTeam = 3L34B92962;
						ProvisioningStyle = Automatic;
					};
					E7DE08A71F62A96A004BAC91 = {
						CreatedOnToolsVersion = 8.3.3;
						DevelopmentTeam = 3L34B92962;
						ProvisioningStyle = Automatic;
						TestTargetID = E7DE08931F62A96A004BAC91;
					};
				};
			};
			buildConfigurationList = E7DE088F1F62A96A004BAC91 /* Build configuration list for PBXProject "NailedIt!" */;
			compatibilityVersion = "Xcode 3.2";
			developmentRegion = English;
			hasScannedForEncodings = 0;
			knownRegions = (
				en,
				Base,
			);
			mainGroup = E7DE088B1F62A96A004BAC91;
			productRefGroup = E7DE08951F62A96A004BAC91 /* Products */;
			projectDirPath = "";
			projectRoot = "";
			targets = (
				E7DE08931F62A96A004BAC91 /* NailedIt! */,
				E7DE08A71F62A96A004BAC91 /* NailedIt!Tests */,
			);
		};
/* End PBXProject section */

/* Begin PBXResourcesBuildPhase section */
		E7DE08921F62A96A004BAC91 /* Resources */ = {
			isa = PBXResourcesBuildPhase;
			buildActionMask = 2147483647;
			files = (
				E70EF6921F62BFA10041F380 /* .gitignore in Resources */,
				E7DE08C31F62AAF6004BAC91 /* Main.storyboard in Resources */,
				E7DE089F1F62A96A004BAC91 /* Assets.xcassets in Resources */,
				E7DE08C21F62AAF6004BAC91 /* LaunchScreen.storyboard in Resources */,
			);
			runOnlyForDeploymentPostprocessing = 0;
		};
		E7DE08A61F62A96A004BAC91 /* Resources */ = {
			isa = PBXResourcesBuildPhase;
			buildActionMask = 2147483647;
			files = (
			);
			runOnlyForDeploymentPostprocessing = 0;
		};
/* End PBXResourcesBuildPhase section */

/* Begin PBXShellScriptBuildPhase section */
		7B6299B1D18A9340F0C33E28 /* [CP] Check Pods Manifest.lock */ = {
			isa = PBXShellScriptBuildPhase;
			buildActionMask = 2147483647;
			files = (
			);
			inputPaths = (
			);
			name = "[CP] Check Pods Manifest.lock";
			outputPaths = (
			);
			runOnlyForDeploymentPostprocessing = 0;
			shellPath = /bin/sh;
			shellScript = "diff \"${PODS_PODFILE_DIR_PATH}/Podfile.lock\" \"${PODS_ROOT}/Manifest.lock\" > /dev/null\nif [ $? != 0 ] ; then\n    # print error to STDERR\n    echo \"error: The sandbox is not in sync with the Podfile.lock. Run 'pod install' or update your CocoaPods installation.\" >&2\n    exit 1\nfi\n";
			showEnvVarsInLog = 0;
		};
		8559AEF123D2CCA3C090A02F /* [CP] Check Pods Manifest.lock */ = {
			isa = PBXShellScriptBuildPhase;
			buildActionMask = 2147483647;
			files = (
			);
			inputPaths = (
			);
			name = "[CP] Check Pods Manifest.lock";
			outputPaths = (
			);
			runOnlyForDeploymentPostprocessing = 0;
			shellPath = /bin/sh;
			shellScript = "diff \"${PODS_PODFILE_DIR_PATH}/Podfile.lock\" \"${PODS_ROOT}/Manifest.lock\" > /dev/null\nif [ $? != 0 ] ; then\n    # print error to STDERR\n    echo \"error: The sandbox is not in sync with the Podfile.lock. Run 'pod install' or update your CocoaPods installation.\" >&2\n    exit 1\nfi\n";
			showEnvVarsInLog = 0;
		};
		878FAD93C6BAE603E9CF7965 /* [CP] Copy Pods Resources */ = {
			isa = PBXShellScriptBuildPhase;
			buildActionMask = 2147483647;
			files = (
			);
			inputPaths = (
			);
			name = "[CP] Copy Pods Resources";
			outputPaths = (
			);
			runOnlyForDeploymentPostprocessing = 0;
			shellPath = /bin/sh;
			shellScript = "\"${SRCROOT}/Pods/Target Support Files/Pods-NailedIt!Tests/Pods-NailedIt!Tests-resources.sh\"\n";
			showEnvVarsInLog = 0;
		};
		D89613020722B5DD8B89A138 /* [CP] Embed Pods Frameworks */ = {
			isa = PBXShellScriptBuildPhase;
			buildActionMask = 2147483647;
			files = (
			);
			inputPaths = (
			);
			name = "[CP] Embed Pods Frameworks";
			outputPaths = (
			);
			runOnlyForDeploymentPostprocessing = 0;
			shellPath = /bin/sh;
			shellScript = "\"${SRCROOT}/Pods/Target Support Files/Pods-NailedIt!Tests/Pods-NailedIt!Tests-frameworks.sh\"\n";
			showEnvVarsInLog = 0;
		};
		F3388E62ABC01C49F9CD9655 /* [CP] Copy Pods Resources */ = {
			isa = PBXShellScriptBuildPhase;
			buildActionMask = 2147483647;
			files = (
			);
			inputPaths = (
			);
			name = "[CP] Copy Pods Resources";
			outputPaths = (
			);
			runOnlyForDeploymentPostprocessing = 0;
			shellPath = /bin/sh;
			shellScript = "\"${SRCROOT}/Pods/Target Support Files/Pods-NailedIt!/Pods-NailedIt!-resources.sh\"\n";
			showEnvVarsInLog = 0;
		};
		F7ED9B4B4AD2B40AD876F638 /* [CP] Embed Pods Frameworks */ = {
			isa = PBXShellScriptBuildPhase;
			buildActionMask = 2147483647;
			files = (
			);
			inputPaths = (
			);
			name = "[CP] Embed Pods Frameworks";
			outputPaths = (
			);
			runOnlyForDeploymentPostprocessing = 0;
			shellPath = /bin/sh;
			shellScript = "\"${SRCROOT}/Pods/Target Support Files/Pods-NailedIt!/Pods-NailedIt!-frameworks.sh\"\n";
			showEnvVarsInLog = 0;
		};
/* End PBXShellScriptBuildPhase section */

/* Begin PBXSourcesBuildPhase section */
		E7DE08901F62A96A004BAC91 /* Sources */ = {
			isa = PBXSourcesBuildPhase;
			buildActionMask = 2147483647;
			files = (
				E70EF6951F62C0070041F380 /* TestSecret.swift in Sources */,
				E7DE08C71F62ACB0004BAC91 /* LoginViewController.swift in Sources */,
				E7DE08981F62A96A004BAC91 /* AppDelegate.swift in Sources */,
			);
			runOnlyForDeploymentPostprocessing = 0;
		};
		E7DE08A41F62A96A004BAC91 /* Sources */ = {
			isa = PBXSourcesBuildPhase;
			buildActionMask = 2147483647;
			files = (
				E7DE08AD1F62A96A004BAC91 /* NailedIt_Tests.swift in Sources */,
			);
			runOnlyForDeploymentPostprocessing = 0;
		};
/* End PBXSourcesBuildPhase section */

/* Begin PBXTargetDependency section */
		E7DE08AA1F62A96A004BAC91 /* PBXTargetDependency */ = {
			isa = PBXTargetDependency;
			target = E7DE08931F62A96A004BAC91 /* NailedIt! */;
			targetProxy = E7DE08A91F62A96A004BAC91 /* PBXContainerItemProxy */;
		};
/* End PBXTargetDependency section */

/* Begin XCBuildConfiguration section */
		E7DE08AF1F62A96A004BAC91 /* Debug */ = {
			isa = XCBuildConfiguration;
			buildSettings = {
				ALWAYS_SEARCH_USER_PATHS = NO;
				CLANG_ANALYZER_NONNULL = YES;
				CLANG_ANALYZER_NUMBER_OBJECT_CONVERSION = YES_AGGRESSIVE;
				CLANG_CXX_LANGUAGE_STANDARD = "gnu++0x";
				CLANG_CXX_LIBRARY = "libc++";
				CLANG_ENABLE_MODULES = YES;
				CLANG_ENABLE_OBJC_ARC = YES;
				CLANG_WARN_BOOL_CONVERSION = YES;
				CLANG_WARN_CONSTANT_CONVERSION = YES;
				CLANG_WARN_DIRECT_OBJC_ISA_USAGE = YES_ERROR;
				CLANG_WARN_DOCUMENTATION_COMMENTS = YES;
				CLANG_WARN_EMPTY_BODY = YES;
				CLANG_WARN_ENUM_CONVERSION = YES;
				CLANG_WARN_INFINITE_RECURSION = YES;
				CLANG_WARN_INT_CONVERSION = YES;
				CLANG_WARN_OBJC_ROOT_CLASS = YES_ERROR;
				CLANG_WARN_SUSPICIOUS_MOVE = YES;
				CLANG_WARN_UNREACHABLE_CODE = YES;
				CLANG_WARN__DUPLICATE_METHOD_MATCH = YES;
				"CODE_SIGN_IDENTITY[sdk=iphoneos*]" = "iPhone Developer";
				COPY_PHASE_STRIP = NO;
				DEBUG_INFORMATION_FORMAT = dwarf;
				ENABLE_STRICT_OBJC_MSGSEND = YES;
				ENABLE_TESTABILITY = YES;
				GCC_C_LANGUAGE_STANDARD = gnu99;
				GCC_DYNAMIC_NO_PIC = NO;
				GCC_NO_COMMON_BLOCKS = YES;
				GCC_OPTIMIZATION_LEVEL = 0;
				GCC_PREPROCESSOR_DEFINITIONS = (
					"DEBUG=1",
					"$(inherited)",
				);
				GCC_WARN_64_TO_32_BIT_CONVERSION = YES;
				GCC_WARN_ABOUT_RETURN_TYPE = YES_ERROR;
				GCC_WARN_UNDECLARED_SELECTOR = YES;
				GCC_WARN_UNINITIALIZED_AUTOS = YES_AGGRESSIVE;
				GCC_WARN_UNUSED_FUNCTION = YES;
				GCC_WARN_UNUSED_VARIABLE = YES;
				IPHONEOS_DEPLOYMENT_TARGET = 10.3;
				MTL_ENABLE_DEBUG_INFO = YES;
				ONLY_ACTIVE_ARCH = YES;
				SDKROOT = iphoneos;
				SWIFT_ACTIVE_COMPILATION_CONDITIONS = DEBUG;
				SWIFT_OPTIMIZATION_LEVEL = "-Onone";
				TARGETED_DEVICE_FAMILY = "1,2";
			};
			name = Debug;
		};
		E7DE08B01F62A96A004BAC91 /* Release */ = {
			isa = XCBuildConfiguration;
			buildSettings = {
				ALWAYS_SEARCH_USER_PATHS = NO;
				CLANG_ANALYZER_NONNULL = YES;
				CLANG_ANALYZER_NUMBER_OBJECT_CONVERSION = YES_AGGRESSIVE;
				CLANG_CXX_LANGUAGE_STANDARD = "gnu++0x";
				CLANG_CXX_LIBRARY = "libc++";
				CLANG_ENABLE_MODULES = YES;
				CLANG_ENABLE_OBJC_ARC = YES;
				CLANG_WARN_BOOL_CONVERSION = YES;
				CLANG_WARN_CONSTANT_CONVERSION = YES;
				CLANG_WARN_DIRECT_OBJC_ISA_USAGE = YES_ERROR;
				CLANG_WARN_DOCUMENTATION_COMMENTS = YES;
				CLANG_WARN_EMPTY_BODY = YES;
				CLANG_WARN_ENUM_CONVERSION = YES;
				CLANG_WARN_INFINITE_RECURSION = YES;
				CLANG_WARN_INT_CONVERSION = YES;
				CLANG_WARN_OBJC_ROOT_CLASS = YES_ERROR;
				CLANG_WARN_SUSPICIOUS_MOVE = YES;
				CLANG_WARN_UNREACHABLE_CODE = YES;
				CLANG_WARN__DUPLICATE_METHOD_MATCH = YES;
				"CODE_SIGN_IDENTITY[sdk=iphoneos*]" = "iPhone Developer";
				COPY_PHASE_STRIP = NO;
				DEBUG_INFORMATION_FORMAT = "dwarf-with-dsym";
				ENABLE_NS_ASSERTIONS = NO;
				ENABLE_STRICT_OBJC_MSGSEND = YES;
				GCC_C_LANGUAGE_STANDARD = gnu99;
				GCC_NO_COMMON_BLOCKS = YES;
				GCC_WARN_64_TO_32_BIT_CONVERSION = YES;
				GCC_WARN_ABOUT_RETURN_TYPE = YES_ERROR;
				GCC_WARN_UNDECLARED_SELECTOR = YES;
				GCC_WARN_UNINITIALIZED_AUTOS = YES_AGGRESSIVE;
				GCC_WARN_UNUSED_FUNCTION = YES;
				GCC_WARN_UNUSED_VARIABLE = YES;
				IPHONEOS_DEPLOYMENT_TARGET = 10.3;
				MTL_ENABLE_DEBUG_INFO = NO;
				SDKROOT = iphoneos;
				SWIFT_OPTIMIZATION_LEVEL = "-Owholemodule";
				TARGETED_DEVICE_FAMILY = "1,2";
				VALIDATE_PRODUCT = YES;
			};
			name = Release;
		};
		E7DE08B21F62A96A004BAC91 /* Debug */ = {
			isa = XCBuildConfiguration;
			baseConfigurationReference = CD85916BCE4B78029E277562 /* Pods-NailedIt!.debug.xcconfig */;
			buildSettings = {
				ASSETCATALOG_COMPILER_APPICON_NAME = AppIcon;
				DEVELOPMENT_TEAM = 3L34B92962;
				INFOPLIST_FILE = "NailedIt!/Info.plist";
				LD_RUNPATH_SEARCH_PATHS = "$(inherited) @executable_path/Frameworks";
				PRODUCT_BUNDLE_IDENTIFIER = "alan.li.NailedIt-";
				PRODUCT_NAME = "$(TARGET_NAME)";
				SWIFT_VERSION = 3.0;
			};
			name = Debug;
		};
		E7DE08B31F62A96A004BAC91 /* Release */ = {
			isa = XCBuildConfiguration;
			baseConfigurationReference = 159B16CB778DF93D823F029A /* Pods-NailedIt!.release.xcconfig */;
			buildSettings = {
				ASSETCATALOG_COMPILER_APPICON_NAME = AppIcon;
				DEVELOPMENT_TEAM = 3L34B92962;
				INFOPLIST_FILE = "NailedIt!/Info.plist";
				LD_RUNPATH_SEARCH_PATHS = "$(inherited) @executable_path/Frameworks";
				PRODUCT_BUNDLE_IDENTIFIER = "alan.li.NailedIt-";
				PRODUCT_NAME = "$(TARGET_NAME)";
				SWIFT_VERSION = 3.0;
			};
			name = Release;
		};
		E7DE08B51F62A96A004BAC91 /* Debug */ = {
			isa = XCBuildConfiguration;
			baseConfigurationReference = D67C06108968CFF188A2C1D1 /* Pods-NailedIt!Tests.debug.xcconfig */;
			buildSettings = {
				ALWAYS_EMBED_SWIFT_STANDARD_LIBRARIES = YES;
				BUNDLE_LOADER = "$(TEST_HOST)";
				DEVELOPMENT_TEAM = 3L34B92962;
				INFOPLIST_FILE = "NailedIt!Tests/Info.plist";
				LD_RUNPATH_SEARCH_PATHS = "$(inherited) @executable_path/Frameworks @loader_path/Frameworks";
				PRODUCT_BUNDLE_IDENTIFIER = "alan.li.NailedIt-Tests";
				PRODUCT_NAME = "$(TARGET_NAME)";
				SWIFT_VERSION = 3.0;
				TEST_HOST = "$(BUILT_PRODUCTS_DIR)/NailedIt!.app/NailedIt!";
			};
			name = Debug;
		};
		E7DE08B61F62A96A004BAC91 /* Release */ = {
			isa = XCBuildConfiguration;
			baseConfigurationReference = 97D7FB637D53F34AE73AE8C1 /* Pods-NailedIt!Tests.release.xcconfig */;
			buildSettings = {
				ALWAYS_EMBED_SWIFT_STANDARD_LIBRARIES = YES;
				BUNDLE_LOADER = "$(TEST_HOST)";
				DEVELOPMENT_TEAM = 3L34B92962;
				INFOPLIST_FILE = "NailedIt!Tests/Info.plist";
				LD_RUNPATH_SEARCH_PATHS = "$(inherited) @executable_path/Frameworks @loader_path/Frameworks";
				PRODUCT_BUNDLE_IDENTIFIER = "alan.li.NailedIt-Tests";
				PRODUCT_NAME = "$(TARGET_NAME)";
				SWIFT_VERSION = 3.0;
				TEST_HOST = "$(BUILT_PRODUCTS_DIR)/NailedIt!.app/NailedIt!";
			};
			name = Release;
		};
/* End XCBuildConfiguration section */

/* Begin XCConfigurationList section */
		E7DE088F1F62A96A004BAC91 /* Build configuration list for PBXProject "NailedIt!" */ = {
			isa = XCConfigurationList;
			buildConfigurations = (
				E7DE08AF1F62A96A004BAC91 /* Debug */,
				E7DE08B01F62A96A004BAC91 /* Release */,
			);
			defaultConfigurationIsVisible = 0;
			defaultConfigurationName = Release;
		};
		E7DE08B11F62A96A004BAC91 /* Build configuration list for PBXNativeTarget "NailedIt!" */ = {
			isa = XCConfigurationList;
			buildConfigurations = (
				E7DE08B21F62A96A004BAC91 /* Debug */,
				E7DE08B31F62A96A004BAC91 /* Release */,
			);
			defaultConfigurationIsVisible = 0;
			defaultConfigurationName = Release;
		};
		E7DE08B41F62A96A004BAC91 /* Build configuration list for PBXNativeTarget "NailedIt!Tests" */ = {
			isa = XCConfigurationList;
			buildConfigurations = (
				E7DE08B51F62A96A004BAC91 /* Debug */,
				E7DE08B61F62A96A004BAC91 /* Release */,
			);
			defaultConfigurationIsVisible = 0;
			defaultConfigurationName = Release;
		};
/* End XCConfigurationList section */
	};
	rootObject = E7DE088C1F62A96A004BAC91 /* Project object */;
}
